// !$*UTF8*$!
{
	archiveVersion = 1;
	classes = {
	};
	objectVersion = 46;
	objects = {

/* Begin PBXBuildFile section */
		C6679486193B8CD80024B2A6 /* Foundation.framework in Frameworks */ = {isa = PBXBuildFile; fileRef = C6679485193B8CD80024B2A6 /* Foundation.framework */; };
		C6679488193B8CD80024B2A6 /* CoreGraphics.framework in Frameworks */ = {isa = PBXBuildFile; fileRef = C6679487193B8CD80024B2A6 /* CoreGraphics.framework */; };
		C667948A193B8CD80024B2A6 /* UIKit.framework in Frameworks */ = {isa = PBXBuildFile; fileRef = C6679489193B8CD80024B2A6 /* UIKit.framework */; };
		C6679490193B8CD80024B2A6 /* InfoPlist.strings in Resources */ = {isa = PBXBuildFile; fileRef = C667948E193B8CD80024B2A6 /* InfoPlist.strings */; };
		C6679492193B8CD80024B2A6 /* main.m in Sources */ = {isa = PBXBuildFile; fileRef = C6679491193B8CD80024B2A6 /* main.m */; };
		C6679496193B8CD80024B2A6 /* IBAAppDelegate.m in Sources */ = {isa = PBXBuildFile; fileRef = C6679495193B8CD80024B2A6 /* IBAAppDelegate.m */; };
		C6679499193B8CD80024B2A6 /* Main.storyboard in Resources */ = {isa = PBXBuildFile; fileRef = C6679497193B8CD80024B2A6 /* Main.storyboard */; };
		C667949C193B8CD80024B2A6 /* IBAViewController.m in Sources */ = {isa = PBXBuildFile; fileRef = C667949B193B8CD80024B2A6 /* IBAViewController.m */; };
		C667949E193B8CD80024B2A6 /* Images.xcassets in Resources */ = {isa = PBXBuildFile; fileRef = C667949D193B8CD80024B2A6 /* Images.xcassets */; };
		C66794A5193B8CD80024B2A6 /* XCTest.framework in Frameworks */ = {isa = PBXBuildFile; fileRef = C66794A4193B8CD80024B2A6 /* XCTest.framework */; };
		C66794A6193B8CD80024B2A6 /* Foundation.framework in Frameworks */ = {isa = PBXBuildFile; fileRef = C6679485193B8CD80024B2A6 /* Foundation.framework */; };
		C66794A7193B8CD80024B2A6 /* UIKit.framework in Frameworks */ = {isa = PBXBuildFile; fileRef = C6679489193B8CD80024B2A6 /* UIKit.framework */; };
		C66794AF193B8CD80024B2A6 /* InfoPlist.strings in Resources */ = {isa = PBXBuildFile; fileRef = C66794AD193B8CD80024B2A6 /* InfoPlist.strings */; };
		C66794B1193B8CD80024B2A6 /* BeaconNotificationAppTests.m in Sources */ = {isa = PBXBuildFile; fileRef = C66794B0193B8CD80024B2A6 /* BeaconNotificationAppTests.m */; };
		C66794BB193B8CF10024B2A6 /* CoreBluetooth.framework in Frameworks */ = {isa = PBXBuildFile; fileRef = C66794BA193B8CF10024B2A6 /* CoreBluetooth.framework */; };
		C66794BD193B8CFA0024B2A6 /* CoreLocation.framework in Frameworks */ = {isa = PBXBuildFile; fileRef = C66794BC193B8CFA0024B2A6 /* CoreLocation.framework */; };
/* End PBXBuildFile section */

/* Begin PBXContainerItemProxy section */
		C66794A8193B8CD80024B2A6 /* PBXContainerItemProxy */ = {
			isa = PBXContainerItemProxy;
			containerPortal = C667947A193B8CD80024B2A6 /* Project object */;
			proxyType = 1;
			remoteGlobalIDString = C6679481193B8CD80024B2A6;
			remoteInfo = BeaconNotificationApp;
		};
/* End PBXContainerItemProxy section */

/* Begin PBXFileReference section */
		C6679482193B8CD80024B2A6 /* BeaconNotificationApp.app */ = {isa = PBXFileReference; explicitFileType = wrapper.application; includeInIndex = 0; path = BeaconNotificationApp.app; sourceTree = BUILT_PRODUCTS_DIR; };
		C6679485193B8CD80024B2A6 /* Foundation.framework */ = {isa = PBXFileReference; lastKnownFileType = wrapper.framework; name = Foundation.framework; path = System/Library/Frameworks/Foundation.framework; sourceTree = SDKROOT; };
		C6679487193B8CD80024B2A6 /* CoreGraphics.framework */ = {isa = PBXFileReference; lastKnownFileType = wrapper.framework; name = CoreGraphics.framework; path = System/Library/Frameworks/CoreGraphics.framework; sourceTree = SDKROOT; };
		C6679489193B8CD80024B2A6 /* UIKit.framework */ = {isa = PBXFileReference; lastKnownFileType = wrapper.framework; name = UIKit.framework; path = System/Library/Frameworks/UIKit.framework; sourceTree = SDKROOT; };
		C667948D193B8CD80024B2A6 /* BeaconNotificationApp-Info.plist */ = {isa = PBXFileReference; lastKnownFileType = text.plist.xml; path = "BeaconNotificationApp-Info.plist"; sourceTree = "<group>"; };
		C667948F193B8CD80024B2A6 /* en */ = {isa = PBXFileReference; lastKnownFileType = text.plist.strings; name = en; path = en.lproj/InfoPlist.strings; sourceTree = "<group>"; };
		C6679491193B8CD80024B2A6 /* main.m */ = {isa = PBXFileReference; lastKnownFileType = sourcecode.c.objc; path = main.m; sourceTree = "<group>"; };
		C6679493193B8CD80024B2A6 /* BeaconNotificationApp-Prefix.pch */ = {isa = PBXFileReference; lastKnownFileType = sourcecode.c.h; path = "BeaconNotificationApp-Prefix.pch"; sourceTree = "<group>"; };
		C6679494193B8CD80024B2A6 /* IBAAppDelegate.h */ = {isa = PBXFileReference; lastKnownFileType = sourcecode.c.h; path = IBAAppDelegate.h; sourceTree = "<group>"; };
		C6679495193B8CD80024B2A6 /* IBAAppDelegate.m */ = {isa = PBXFileReference; lastKnownFileType = sourcecode.c.objc; path = IBAAppDelegate.m; sourceTree = "<group>"; };
		C6679498193B8CD80024B2A6 /* Base */ = {isa = PBXFileReference; lastKnownFileType = file.storyboard; name = Base; path = Base.lproj/Main.storyboard; sourceTree = "<group>"; };
		C667949A193B8CD80024B2A6 /* IBAViewController.h */ = {isa = PBXFileReference; lastKnownFileType = sourcecode.c.h; path = IBAViewController.h; sourceTree = "<group>"; };
		C667949B193B8CD80024B2A6 /* IBAViewController.m */ = {isa = PBXFileReference; lastKnownFileType = sourcecode.c.objc; path = IBAViewController.m; sourceTree = "<group>"; };
		C667949D193B8CD80024B2A6 /* Images.xcassets */ = {isa = PBXFileReference; lastKnownFileType = folder.assetcatalog; path = Images.xcassets; sourceTree = "<group>"; };
		C66794A3193B8CD80024B2A6 /* BeaconNotificationAppTests.xctest */ = {isa = PBXFileReference; explicitFileType = wrapper.cfbundle; includeInIndex = 0; path = BeaconNotificationAppTests.xctest; sourceTree = BUILT_PRODUCTS_DIR; };
		C66794A4193B8CD80024B2A6 /* XCTest.framework */ = {isa = PBXFileReference; lastKnownFileType = wrapper.framework; name = XCTest.framework; path = Library/Frameworks/XCTest.framework; sourceTree = DEVELOPER_DIR; };
		C66794AC193B8CD80024B2A6 /* BeaconNotificationAppTests-Info.plist */ = {isa = PBXFileReference; lastKnownFileType = text.plist.xml; path = "BeaconNotificationAppTests-Info.plist"; sourceTree = "<group>"; };
		C66794AE193B8CD80024B2A6 /* en */ = {isa = PBXFileReference; lastKnownFileType = text.plist.strings; name = en; path = en.lproj/InfoPlist.strings; sourceTree = "<group>"; };
		C66794B0193B8CD80024B2A6 /* BeaconNotificationAppTests.m */ = {isa = PBXFileReference; lastKnownFileType = sourcecode.c.objc; path = BeaconNotificationAppTests.m; sourceTree = "<group>"; };
		C66794BA193B8CF10024B2A6 /* CoreBluetooth.framework */ = {isa = PBXFileReference; lastKnownFileType = wrapper.framework; name = CoreBluetooth.framework; path = System/Library/Frameworks/CoreBluetooth.framework; sourceTree = SDKROOT; };
		C66794BC193B8CFA0024B2A6 /* CoreLocation.framework */ = {isa = PBXFileReference; lastKnownFileType = wrapper.framework; name = CoreLocation.framework; path = System/Library/Frameworks/CoreLocation.framework; sourceTree = SDKROOT; };
/* End PBXFileReference section */

/* Begin PBXFrameworksBuildPhase section */
		C667947F193B8CD80024B2A6 /* Frameworks */ = {
			isa = PBXFrameworksBuildPhase;
			buildActionMask = 2147483647;
			files = (
				C66794BD193B8CFA0024B2A6 /* CoreLocation.framework in Frameworks */,
				C66794BB193B8CF10024B2A6 /* CoreBluetooth.framework in Frameworks */,
				C6679488193B8CD80024B2A6 /* CoreGraphics.framework in Frameworks */,
				C667948A193B8CD80024B2A6 /* UIKit.framework in Frameworks */,
				C6679486193B8CD80024B2A6 /* Foundation.framework in Frameworks */,
			);
			runOnlyForDeploymentPostprocessing = 0;
		};
		C66794A0193B8CD80024B2A6 /* Frameworks */ = {
			isa = PBXFrameworksBuildPhase;
			buildActionMask = 2147483647;
			files = (
				C66794A5193B8CD80024B2A6 /* XCTest.framework in Frameworks */,
				C66794A7193B8CD80024B2A6 /* UIKit.framework in Frameworks */,
				C66794A6193B8CD80024B2A6 /* Foundation.framework in Frameworks */,
			);
			runOnlyForDeploymentPostprocessing = 0;
		};
/* End PBXFrameworksBuildPhase section */

/* Begin PBXGroup section */
		C6679479193B8CD80024B2A6 = {
			isa = PBXGroup;
			children = (
				C667948B193B8CD80024B2A6 /* BeaconNotificationApp */,
				C66794AA193B8CD80024B2A6 /* BeaconNotificationAppTests */,
				C6679484193B8CD80024B2A6 /* Frameworks */,
				C6679483193B8CD80024B2A6 /* Products */,
			);
			sourceTree = "<group>";
		};
		C6679483193B8CD80024B2A6 /* Products */ = {
			isa = PBXGroup;
			children = (
				C6679482193B8CD80024B2A6 /* BeaconNotificationApp.app */,
				C66794A3193B8CD80024B2A6 /* BeaconNotificationAppTests.xctest */,
			);
			name = Products;
			sourceTree = "<group>";
		};
		C6679484193B8CD80024B2A6 /* Frameworks */ = {
			isa = PBXGroup;
			children = (
				C66794BC193B8CFA0024B2A6 /* CoreLocation.framework */,
				C66794BA193B8CF10024B2A6 /* CoreBluetooth.framework */,
				C6679485193B8CD80024B2A6 /* Foundation.framework */,
				C6679487193B8CD80024B2A6 /* CoreGraphics.framework */,
				C6679489193B8CD80024B2A6 /* UIKit.framework */,
				C66794A4193B8CD80024B2A6 /* XCTest.framework */,
			);
			name = Frameworks;
			sourceTree = "<group>";
		};
		C667948B193B8CD80024B2A6 /* BeaconNotificationApp */ = {
			isa = PBXGroup;
			children = (
				C6679494193B8CD80024B2A6 /* IBAAppDelegate.h */,
				C6679495193B8CD80024B2A6 /* IBAAppDelegate.m */,
				C6679497193B8CD80024B2A6 /* Main.storyboard */,
				C667949A193B8CD80024B2A6 /* IBAViewController.h */,
				C667949B193B8CD80024B2A6 /* IBAViewController.m */,
				C667949D193B8CD80024B2A6 /* Images.xcassets */,
				C667948C193B8CD80024B2A6 /* Supporting Files */,
			);
			path = BeaconNotificationApp;
			sourceTree = "<group>";
		};
		C667948C193B8CD80024B2A6 /* Supporting Files */ = {
			isa = PBXGroup;
			children = (
				C667948D193B8CD80024B2A6 /* BeaconNotificationApp-Info.plist */,
				C667948E193B8CD80024B2A6 /* InfoPlist.strings */,
				C6679491193B8CD80024B2A6 /* main.m */,
				C6679493193B8CD80024B2A6 /* BeaconNotificationApp-Prefix.pch */,
			);
			name = "Supporting Files";
			sourceTree = "<group>";
		};
		C66794AA193B8CD80024B2A6 /* BeaconNotificationAppTests */ = {
			isa = PBXGroup;
			children = (
				C66794B0193B8CD80024B2A6 /* BeaconNotificationAppTests.m */,
				C66794AB193B8CD80024B2A6 /* Supporting Files */,
			);
			path = BeaconNotificationAppTests;
			sourceTree = "<group>";
		};
		C66794AB193B8CD80024B2A6 /* Supporting Files */ = {
			isa = PBXGroup;
			children = (
				C66794AC193B8CD80024B2A6 /* BeaconNotificationAppTests-Info.plist */,
				C66794AD193B8CD80024B2A6 /* InfoPlist.strings */,
			);
			name = "Supporting Files";
			sourceTree = "<group>";
		};
/* End PBXGroup section */

/* Begin PBXNativeTarget section */
		C6679481193B8CD80024B2A6 /* BeaconNotificationApp */ = {
			isa = PBXNativeTarget;
			buildConfigurationList = C66794B4193B8CD80024B2A6 /* Build configuration list for PBXNativeTarget "BeaconNotificationApp" */;
			buildPhases = (
				C667947E193B8CD80024B2A6 /* Sources */,
				C667947F193B8CD80024B2A6 /* Frameworks */,
				C6679480193B8CD80024B2A6 /* Resources */,
			);
			buildRules = (
			);
			dependencies = (
			);
			name = BeaconNotificationApp;
			productName = BeaconNotificationApp;
			productReference = C6679482193B8CD80024B2A6 /* BeaconNotificationApp.app */;
			productType = "com.apple.product-type.application";
		};
		C66794A2193B8CD80024B2A6 /* BeaconNotificationAppTests */ = {
			isa = PBXNativeTarget;
			buildConfigurationList = C66794B7193B8CD80024B2A6 /* Build configuration list for PBXNativeTarget "BeaconNotificationAppTests" */;
			buildPhases = (
				C667949F193B8CD80024B2A6 /* Sources */,
				C66794A0193B8CD80024B2A6 /* Frameworks */,
				C66794A1193B8CD80024B2A6 /* Resources */,
			);
			buildRules = (
			);
			dependencies = (
				C66794A9193B8CD80024B2A6 /* PBXTargetDependency */,
			);
			name = BeaconNotificationAppTests;
			productName = BeaconNotificationAppTests;
			productReference = C66794A3193B8CD80024B2A6 /* BeaconNotificationAppTests.xctest */;
			productType = "com.apple.product-type.bundle.unit-test";
		};
/* End PBXNativeTarget section */

/* Begin PBXProject section */
		C667947A193B8CD80024B2A6 /* Project object */ = {
			isa = PBXProject;
			attributes = {
				CLASSPREFIX = IBA;
				LastUpgradeCheck = 0510;
				ORGANIZATIONNAME = pollseed;
				TargetAttributes = {
					C66794A2193B8CD80024B2A6 = {
						TestTargetID = C6679481193B8CD80024B2A6;
					};
				};
			};
			buildConfigurationList = C667947D193B8CD80024B2A6 /* Build configuration list for PBXProject "BeaconNotificationApp" */;
			compatibilityVersion = "Xcode 3.2";
			developmentRegion = English;
			hasScannedForEncodings = 0;
			knownRegions = (
				en,
				Base,
			);
			mainGroup = C6679479193B8CD80024B2A6;
			productRefGroup = C6679483193B8CD80024B2A6 /* Products */;
			projectDirPath = "";
			projectRoot = "";
			targets = (
				C6679481193B8CD80024B2A6 /* BeaconNotificationApp */,
				C66794A2193B8CD80024B2A6 /* BeaconNotificationAppTests */,
			);
		};
/* End PBXProject section */

/* Begin PBXResourcesBuildPhase section */
		C6679480193B8CD80024B2A6 /* Resources */ = {
			isa = PBXResourcesBuildPhase;
			buildActionMask = 2147483647;
			files = (
				C667949E193B8CD80024B2A6 /* Images.xcassets in Resources */,
				C6679490193B8CD80024B2A6 /* InfoPlist.strings in Resources */,
				C6679499193B8CD80024B2A6 /* Main.storyboard in Resources */,
			);
			runOnlyForDeploymentPostprocessing = 0;
		};
		C66794A1193B8CD80024B2A6 /* Resources */ = {
			isa = PBXResourcesBuildPhase;
			buildActionMask = 2147483647;
			files = (
				C66794AF193B8CD80024B2A6 /* InfoPlist.strings in Resources */,
			);
			runOnlyForDeploymentPostprocessing = 0;
		};
/* End PBXResourcesBuildPhase section */

/* Begin PBXSourcesBuildPhase section */
		C667947E193B8CD80024B2A6 /* Sources */ = {
			isa = PBXSourcesBuildPhase;
			buildActionMask = 2147483647;
			files = (
				C6679492193B8CD80024B2A6 /* main.m in Sources */,
				C6679496193B8CD80024B2A6 /* IBAAppDelegate.m in Sources */,
				C667949C193B8CD80024B2A6 /* IBAViewController.m in Sources */,
			);
			runOnlyForDeploymentPostprocessing = 0;
		};
		C667949F193B8CD80024B2A6 /* Sources */ = {
			isa = PBXSourcesBuildPhase;
			buildActionMask = 2147483647;
			files = (
				C66794B1193B8CD80024B2A6 /* BeaconNotificationAppTests.m in Sources */,
			);
			runOnlyForDeploymentPostprocessing = 0;
		};
/* End PBXSourcesBuildPhase section */

/* Begin PBXTargetDependency section */
		C66794A9193B8CD80024B2A6 /* PBXTargetDependency */ = {
			isa = PBXTargetDependency;
			target = C6679481193B8CD80024B2A6 /* BeaconNotificationApp */;
			targetProxy = C66794A8193B8CD80024B2A6 /* PBXContainerItemProxy */;
		};
/* End PBXTargetDependency section */

/* Begin PBXVariantGroup section */
		C667948E193B8CD80024B2A6 /* InfoPlist.strings */ = {
			isa = PBXVariantGroup;
			children = (
				C667948F193B8CD80024B2A6 /* en */,
			);
			name = InfoPlist.strings;
			sourceTree = "<group>";
		};
		C6679497193B8CD80024B2A6 /* Main.storyboard */ = {
			isa = PBXVariantGroup;
			children = (
				C6679498193B8CD80024B2A6 /* Base */,
			);
			name = Main.storyboard;
			sourceTree = "<group>";
		};
		C66794AD193B8CD80024B2A6 /* InfoPlist.strings */ = {
			isa = PBXVariantGroup;
			children = (
				C66794AE193B8CD80024B2A6 /* en */,
			);
			name = InfoPlist.strings;
			sourceTree = "<group>";
		};
/* End PBXVariantGroup section */

/* Begin XCBuildConfiguration section */
		C66794B2193B8CD80024B2A6 /* Debug */ = {
			isa = XCBuildConfiguration;
			buildSettings = {
				ALWAYS_SEARCH_USER_PATHS = NO;
				CLANG_CXX_LANGUAGE_STANDARD = "gnu++0x";
				CLANG_CXX_LIBRARY = "libc++";
				CLANG_ENABLE_MODULES = YES;
				CLANG_ENABLE_OBJC_ARC = YES;
				CLANG_WARN_BOOL_CONVERSION = YES;
				CLANG_WARN_CONSTANT_CONVERSION = YES;
				CLANG_WARN_DIRECT_OBJC_ISA_USAGE = YES_ERROR;
				CLANG_WARN_EMPTY_BODY = YES;
				CLANG_WARN_ENUM_CONVERSION = YES;
				CLANG_WARN_INT_CONVERSION = YES;
				CLANG_WARN_OBJC_ROOT_CLASS = YES_ERROR;
				CLANG_WARN__DUPLICATE_METHOD_MATCH = YES;
				"CODE_SIGN_IDENTITY[sdk=iphoneos*]" = "iPhone Developer";
				COPY_PHASE_STRIP = NO;
				GCC_C_LANGUAGE_STANDARD = gnu99;
				GCC_DYNAMIC_NO_PIC = NO;
				GCC_OPTIMIZATION_LEVEL = 0;
				GCC_PREPROCESSOR_DEFINITIONS = (
					"DEBUG=1",
					"$(inherited)",
				);
				GCC_SYMBOLS_PRIVATE_EXTERN = NO;
				GCC_WARN_64_TO_32_BIT_CONVERSION = YES;
				GCC_WARN_ABOUT_RETURN_TYPE = YES_ERROR;
				GCC_WARN_UNDECLARED_SELECTOR = YES;
				GCC_WARN_UNINITIALIZED_AUTOS = YES_AGGRESSIVE;
				GCC_WARN_UNUSED_FUNCTION = YES;
				GCC_WARN_UNUSED_VARIABLE = YES;
				IPHONEOS_DEPLOYMENT_TARGET = 7.1;
				ONLY_ACTIVE_ARCH = YES;
				SDKROOT = iphoneos;
			};
			name = Debug;
		};
		C66794B3193B8CD80024B2A6 /* Release */ = {
			isa = XCBuildConfiguration;
			buildSettings = {
				ALWAYS_SEARCH_USER_PATHS = NO;
				CLANG_CXX_LANGUAGE_STANDARD = "gnu++0x";
				CLANG_CXX_LIBRARY = "libc++";
				CLANG_ENABLE_MODULES = YES;
				CLANG_ENABLE_OBJC_ARC = YES;
				CLANG_WARN_BOOL_CONVERSION = YES;
				CLANG_WARN_CONSTANT_CONVERSION = YES;
				CLANG_WARN_DIRECT_OBJC_ISA_USAGE = YES_ERROR;
				CLANG_WARN_EMPTY_BODY = YES;
				CLANG_WARN_ENUM_CONVERSION = YES;
				CLANG_WARN_INT_CONVERSION = YES;
				CLANG_WARN_OBJC_ROOT_CLASS = YES_ERROR;
				CLANG_WARN__DUPLICATE_METHOD_MATCH = YES;
				"CODE_SIGN_IDENTITY[sdk=iphoneos*]" = "iPhone Developer";
				COPY_PHASE_STRIP = YES;
				ENABLE_NS_ASSERTIONS = NO;
				GCC_C_LANGUAGE_STANDARD = gnu99;
				GCC_WARN_64_TO_32_BIT_CONVERSION = YES;
				GCC_WARN_ABOUT_RETURN_TYPE = YES_ERROR;
				GCC_WARN_UNDECLARED_SELECTOR = YES;
				GCC_WARN_UNINITIALIZED_AUTOS = YES_AGGRESSIVE;
				GCC_WARN_UNUSED_FUNCTION = YES;
				GCC_WARN_UNUSED_VARIABLE = YES;
				IPHONEOS_DEPLOYMENT_TARGET = 7.1;
				SDKROOT = iphoneos;
				VALIDATE_PRODUCT = YES;
			};
			name = Release;
		};
		C66794B5193B8CD80024B2A6 /* Debug */ = {
			isa = XCBuildConfiguration;
			buildSettings = {
				ASSETCATALOG_COMPILER_APPICON_NAME = AppIcon;
				ASSETCATALOG_COMPILER_LAUNCHIMAGE_NAME = LaunchImage;
				GCC_PRECOMPILE_PREFIX_HEADER = YES;
				GCC_PREFIX_HEADER = "BeaconNotificationApp/BeaconNotificationApp-Prefix.pch";
				INFOPLIST_FILE = "BeaconNotificationApp/BeaconNotificationApp-Info.plist";
				PRODUCT_NAME = "$(TARGET_NAME)";
				WRAPPER_EXTENSION = app;
			};
			name = Debug;
		};
		C66794B6193B8CD80024B2A6 /* Release */ = {
			isa = XCBuildConfiguration;
			buildSettings = {
				ASSETCATALOG_COMPILER_APPICON_NAME = AppIcon;
				ASSETCATALOG_COMPILER_LAUNCHIMAGE_NAME = LaunchImage;
				GCC_PRECOMPILE_PREFIX_HEADER = YES;
				GCC_PREFIX_HEADER = "BeaconNotificationApp/BeaconNotificationApp-Prefix.pch";
				INFOPLIST_FILE = "BeaconNotificationApp/BeaconNotificationApp-Info.plist";
				PRODUCT_NAME = "$(TARGET_NAME)";
				WRAPPER_EXTENSION = app;
			};
			name = Release;
		};
		C66794B8193B8CD80024B2A6 /* Debug */ = {
			isa = XCBuildConfiguration;
			buildSettings = {
				BUNDLE_LOADER = "$(BUILT_PRODUCTS_DIR)/BeaconNotificationApp.app/BeaconNotificationApp";
				FRAMEWORK_SEARCH_PATHS = (
					"$(SDKROOT)/Developer/Library/Frameworks",
					"$(inherited)",
					"$(DEVELOPER_FRAMEWORKS_DIR)",
				);
				GCC_PRECOMPILE_PREFIX_HEADER = YES;
				GCC_PREFIX_HEADER = "BeaconNotificationApp/BeaconNotificationApp-Prefix.pch";
				GCC_PREPROCESSOR_DEFINITIONS = (
					"DEBUG=1",
					"$(inherited)",
				);
				INFOPLIST_FILE = "BeaconNotificationAppTests/BeaconNotificationAppTests-Info.plist";
				PRODUCT_NAME = "$(TARGET_NAME)";
				TEST_HOST = "$(BUNDLE_LOADER)";
				WRAPPER_EXTENSION = xctest;
			};
			name = Debug;
		};
		C66794B9193B8CD80024B2A6 /* Release */ = {
			isa = XCBuildConfiguration;
			buildSettings = {
				BUNDLE_LOADER = "$(BUILT_PRODUCTS_DIR)/BeaconNotificationApp.app/BeaconNotificationApp";
				FRAMEWORK_SEARCH_PATHS = (
					"$(SDKROOT)/Developer/Library/Frameworks",
					"$(inherited)",
					"$(DEVELOPER_FRAMEWORKS_DIR)",
				);
				GCC_PRECOMPILE_PREFIX_HEADER = YES;
				GCC_PREFIX_HEADER = "BeaconNotificationApp/BeaconNotificationApp-Prefix.pch";
				INFOPLIST_FILE = "BeaconNotificationAppTests/BeaconNotificationAppTests-Info.plist";
				PRODUCT_NAME = "$(TARGET_NAME)";
				TEST_HOST = "$(BUNDLE_LOADER)";
				WRAPPER_EXTENSION = xctest;
			};
			name = Release;
		};
/* End XCBuildConfiguration section */

/* Begin XCConfigurationList section */
		C667947D193B8CD80024B2A6 /* Build configuration list for PBXProject "BeaconNotificationApp" */ = {
			isa = XCConfigurationList;
			buildConfigurations = (
				C66794B2193B8CD80024B2A6 /* Debug */,
				C66794B3193B8CD80024B2A6 /* Release */,
			);
			defaultConfigurationIsVisible = 0;
			defaultConfigurationName = Release;
		};
		C66794B4193B8CD80024B2A6 /* Build configuration list for PBXNativeTarget "BeaconNotificationApp" */ = {
			isa = XCConfigurationList;
			buildConfigurations = (
				C66794B5193B8CD80024B2A6 /* Debug */,
				C66794B6193B8CD80024B2A6 /* Release */,
			);
			defaultConfigurationIsVisible = 0;
		};
		C66794B7193B8CD80024B2A6 /* Build configuration list for PBXNativeTarget "BeaconNotificationAppTests" */ = {
			isa = XCConfigurationList;
			buildConfigurations = (
				C66794B8193B8CD80024B2A6 /* Debug */,
				C66794B9193B8CD80024B2A6 /* Release */,
			);
			defaultConfigurationIsVisible = 0;
		};
/* End XCConfigurationList section */
	};
	rootObject = C667947A193B8CD80024B2A6 /* Project object */;
}
